
Microsoft Visual Studio Solution File, Format Version 12.00
# Visual Studio Version 17
VisualStudioVersion = 17.11.35222.181
MinimumVisualStudioVersion = 10.0.40219.1
Project("{FAE04EC0-301F-11D3-BF4B-00C04F79EFBC}") = "Storage", "Storage\Storage.csproj", "{1D90B0B5-11E9-4813-A22C-1851F24F7B5E}"
EndProject
Global
	GlobalSection(SolutionConfigurationPlatforms) = preSolution
		Debug|Any CPU = Debug|Any CPU
		Release|Any CPU = Release|Any CPU
	EndGlobalSection
	GlobalSection(ProjectConfigurationPlatforms) = postSolution
		{1D90B0B5-11E9-4813-A22C-1851F24F7B5E}.Debug|Any CPU.ActiveCfg = Debug|Any CPU
		{1D90B0B5-11E9-4813-A22C-1851F24F7B5E}.Debug|Any CPU.Build.0 = Debug|Any CPU
		{1D90B0B5-11E9-4813-A22C-1851F24F7B5E}.Release|Any CPU.ActiveCfg = Release|Any CPU
		{1D90B0B5-11E9-4813-A22C-1851F24F7B5E}.Release|Any CPU.Build.0 = Release|Any CPU
	EndGlobalSection
	GlobalSection(SolutionProperties) = preSolution
		HideSolutionNode = FALSE
	EndGlobalSection
	GlobalSection(ExtensibilityGlobals) = postSolution
		SolutionGuid = {8F3889D2-FEA7-4368-A31C-B3005C0E46D5}
	EndGlobalSection
EndGlobal
